// !$*UTF8*$!
{
	archiveVersion = 1;
	classes = {
	};
	objectVersion = 46;
	objects = {

/* Begin PBXBuildFile section */
		3BEDD4CD1D70D727005FC0E8 /* AppDelegate.swift in Sources */ = {isa = PBXBuildFile; fileRef = 3BEDD4CC1D70D727005FC0E8 /* AppDelegate.swift */; };
		3BEDD4CF1D70D727005FC0E8 /* ViewController.swift in Sources */ = {isa = PBXBuildFile; fileRef = 3BEDD4CE1D70D727005FC0E8 /* ViewController.swift */; };
		3BEDD4D21D70D727005FC0E8 /* Main.storyboard in Resources */ = {isa = PBXBuildFile; fileRef = 3BEDD4D01D70D727005FC0E8 /* Main.storyboard */; };
		3BEDD4D41D70D727005FC0E8 /* Assets.xcassets in Resources */ = {isa = PBXBuildFile; fileRef = 3BEDD4D31D70D727005FC0E8 /* Assets.xcassets */; };
		3BEDD4D71D70D727005FC0E8 /* LaunchScreen.storyboard in Resources */ = {isa = PBXBuildFile; fileRef = 3BEDD4D51D70D727005FC0E8 /* LaunchScreen.storyboard */; };
		3BEDD4E21D70D727005FC0E8 /* TestTests.swift in Sources */ = {isa = PBXBuildFile; fileRef = 3BEDD4E11D70D727005FC0E8 /* TestTests.swift */; };
/* End PBXBuildFile section */

/* Begin PBXContainerItemProxy section */
		3BEDD4DE1D70D727005FC0E8 /* PBXContainerItemProxy */ = {
			isa = PBXContainerItemProxy;
			containerPortal = 3BEDD4C11D70D727005FC0E8 /* Project object */;
			proxyType = 1;
			remoteGlobalIDString = 3BEDD4C81D70D727005FC0E8;
			remoteInfo = Test;
		};
/* End PBXContainerItemProxy section */

/* Begin PBXFileReference section */
		3BEDD4C91D70D727005FC0E8 /* Test.app */ = {isa = PBXFileReference; explicitFileType = wrapper.application; includeInIndex = 0; path = Test.app; sourceTree = BUILT_PRODUCTS_DIR; };
		3BEDD4CC1D70D727005FC0E8 /* AppDelegate.swift */ = {isa = PBXFileReference; lastKnownFileType = sourcecode.swift; path = AppDelegate.swift; sourceTree = "<group>"; };
		3BEDD4CE1D70D727005FC0E8 /* ViewController.swift */ = {isa = PBXFileReference; lastKnownFileType = sourcecode.swift; path = ViewController.swift; sourceTree = "<group>"; };
		3BEDD4D11D70D727005FC0E8 /* Base */ = {isa = PBXFileReference; lastKnownFileType = file.storyboard; name = Base; path = Base.lproj/Main.storyboard; sourceTree = "<group>"; };
		3BEDD4D31D70D727005FC0E8 /* Assets.xcassets */ = {isa = PBXFileReference; lastKnownFileType = folder.assetcatalog; path = Assets.xcassets; sourceTree = "<group>"; };
		3BEDD4D61D70D727005FC0E8 /* Base */ = {isa = PBXFileReference; lastKnownFileType = file.storyboard; name = Base; path = Base.lproj/LaunchScreen.storyboard; sourceTree = "<group>"; };
		3BEDD4D81D70D727005FC0E8 /* Info.plist */ = {isa = PBXFileReference; lastKnownFileType = text.plist.xml; path = Info.plist; sourceTree = "<group>"; };
		3BEDD4DD1D70D727005FC0E8 /* TestTests.xctest */ = {isa = PBXFileReference; explicitFileType = wrapper.cfbundle; includeInIndex = 0; path = TestTests.xctest; sourceTree = BUILT_PRODUCTS_DIR; };
		3BEDD4E11D70D727005FC0E8 /* TestTests.swift */ = {isa = PBXFileReference; lastKnownFileType = sourcecode.swift; path = TestTests.swift; sourceTree = "<group>"; };
		3BEDD4E31D70D727005FC0E8 /* Info.plist */ = {isa = PBXFileReference; lastKnownFileType = text.plist.xml; path = Info.plist; sourceTree = "<group>"; };
/* End PBXFileReference section */

/* Begin PBXFrameworksBuildPhase section */
		3BEDD4C61D70D727005FC0E8 /* Frameworks */ = {
			isa = PBXFrameworksBuildPhase;
			buildActionMask = 2147483647;
			files = (
			);
			runOnlyForDeploymentPostprocessing = 0;
		};
		3BEDD4DA1D70D727005FC0E8 /* Frameworks */ = {
			isa = PBXFrameworksBuildPhase;
			buildActionMask = 2147483647;
			files = (
			);
			runOnlyForDeploymentPostprocessing = 0;
		};
/* End PBXFrameworksBuildPhase section */

/* Begin PBXGroup section */
		3BEDD4C01D70D727005FC0E8 = {
			isa = PBXGroup;
			children = (
				3BEDD4CB1D70D727005FC0E8 /* Test */,
				3BEDD4E01D70D727005FC0E8 /* TestTests */,
				3BEDD4CA1D70D727005FC0E8 /* Products */,
			);
			sourceTree = "<group>";
		};
		3BEDD4CA1D70D727005FC0E8 /* Products */ = {
			isa = PBXGroup;
			children = (
				3BEDD4C91D70D727005FC0E8 /* Test.app */,
				3BEDD4DD1D70D727005FC0E8 /* TestTests.xctest */,
			);
			name = Products;
			sourceTree = "<group>";
		};
		3BEDD4CB1D70D727005FC0E8 /* Test */ = {
			isa = PBXGroup;
			children = (
				3BEDD4CC1D70D727005FC0E8 /* AppDelegate.swift */,
				3BEDD4CE1D70D727005FC0E8 /* ViewController.swift */,
				3BEDD4D01D70D727005FC0E8 /* Main.storyboard */,
				3BEDD4D31D70D727005FC0E8 /* Assets.xcassets */,
				3BEDD4D51D70D727005FC0E8 /* LaunchScreen.storyboard */,
				3BEDD4D81D70D727005FC0E8 /* Info.plist */,
			);
			path = Test;
			sourceTree = "<group>";
		};
		3BEDD4E01D70D727005FC0E8 /* TestTests */ = {
			isa = PBXGroup;
			children = (
				3BEDD4E11D70D727005FC0E8 /* TestTests.swift */,
				3BEDD4E31D70D727005FC0E8 /* Info.plist */,
			);
			path = TestTests;
			sourceTree = "<group>";
		};
/* End PBXGroup section */

/* Begin PBXNativeTarget section */
		3BEDD4C81D70D727005FC0E8 /* Test */ = {
			isa = PBXNativeTarget;
			buildConfigurationList = 3BEDD4E61D70D727005FC0E8 /* Build configuration list for PBXNativeTarget "Test" */;
			buildPhases = (
				3BEDD4C51D70D727005FC0E8 /* Sources */,
				3BEDD4C61D70D727005FC0E8 /* Frameworks */,
				3BEDD4C71D70D727005FC0E8 /* Resources */,
			);
			buildRules = (
			);
			dependencies = (
			);
			name = Test;
			productName = Test;
			productReference = 3BEDD4C91D70D727005FC0E8 /* Test.app */;
			productType = "com.apple.product-type.application";
		};
		3BEDD4DC1D70D727005FC0E8 /* TestTests */ = {
			isa = PBXNativeTarget;
			buildConfigurationList = 3BEDD4E91D70D727005FC0E8 /* Build configuration list for PBXNativeTarget "TestTests" */;
			buildPhases = (
				3BEDD4D91D70D727005FC0E8 /* Sources */,
				3BEDD4DA1D70D727005FC0E8 /* Frameworks */,
				3BEDD4DB1D70D727005FC0E8 /* Resources */,
			);
			buildRules = (
			);
			dependencies = (
				3BEDD4DF1D70D727005FC0E8 /* PBXTargetDependency */,
			);
			name = TestTests;
			productName = TestTests;
			productReference = 3BEDD4DD1D70D727005FC0E8 /* TestTests.xctest */;
			productType = "com.apple.product-type.bundle.unit-test";
		};
/* End PBXNativeTarget section */

/* Begin PBXProject section */
		3BEDD4C11D70D727005FC0E8 /* Project object */ = {
			isa = PBXProject;
			attributes = {
				LastSwiftUpdateCheck = 0730;
				LastUpgradeCheck = 0730;
				ORGANIZATIONNAME = "Patrick Nutter";
				TargetAttributes = {
					3BEDD4C81D70D727005FC0E8 = {
						CreatedOnToolsVersion = 7.3.1;
					};
					3BEDD4DC1D70D727005FC0E8 = {
						CreatedOnToolsVersion = 7.3.1;
						TestTargetID = 3BEDD4C81D70D727005FC0E8;
					};
				};
			};
			buildConfigurationList = 3BEDD4C41D70D727005FC0E8 /* Build configuration list for PBXProject "Test" */;
			compatibilityVersion = "Xcode 3.2";
			developmentRegion = English;
			hasScannedForEncodings = 0;
			knownRegions = (
				en,
				Base,
			);
			mainGroup = 3BEDD4C01D70D727005FC0E8;
			productRefGroup = 3BEDD4CA1D70D727005FC0E8 /* Products */;
			projectDirPath = "";
			projectRoot = "";
			targets = (
				3BEDD4C81D70D727005FC0E8 /* Test */,
				3BEDD4DC1D70D727005FC0E8 /* TestTests */,
			);
		};
/* End PBXProject section */

/* Begin PBXResourcesBuildPhase section */
		3BEDD4C71D70D727005FC0E8 /* Resources */ = {
			isa = PBXResourcesBuildPhase;
			buildActionMask = 2147483647;
			files = (
				3BEDD4D71D70D727005FC0E8 /* LaunchScreen.storyboard in Resources */,
				3BEDD4D41D70D727005FC0E8 /* Assets.xcassets in Resources */,
				3BEDD4D21D70D727005FC0E8 /* Main.storyboard in Resources */,
			);
			runOnlyForDeploymentPostprocessing = 0;
		};
		3BEDD4DB1D70D727005FC0E8 /* Resources */ = {
			isa = PBXResourcesBuildPhase;
			buildActionMask = 2147483647;
			files = (
			);
			runOnlyForDeploymentPostprocessing = 0;
		};
/* End PBXResourcesBuildPhase section */

/* Begin PBXSourcesBuildPhase section */
		3BEDD4C51D70D727005FC0E8 /* Sources */ = {
			isa = PBXSourcesBuildPhase;
			buildActionMask = 2147483647;
			files = (
				3BEDD4CF1D70D727005FC0E8 /* ViewController.swift in Sources */,
				3BEDD4CD1D70D727005FC0E8 /* AppDelegate.swift in Sources */,
			);
			runOnlyForDeploymentPostprocessing = 0;
		};
		3BEDD4D91D70D727005FC0E8 /* Sources */ = {
			isa = PBXSourcesBuildPhase;
			buildActionMask = 2147483647;
			files = (
				3BEDD4E21D70D727005FC0E8 /* TestTests.swift in Sources */,
			);
			runOnlyForDeploymentPostprocessing = 0;
		};
/* End PBXSourcesBuildPhase section */

/* Begin PBXTargetDependency section */
		3BEDD4DF1D70D727005FC0E8 /* PBXTargetDependency */ = {
			isa = PBXTargetDependency;
			target = 3BEDD4C81D70D727005FC0E8 /* Test */;
			targetProxy = 3BEDD4DE1D70D727005FC0E8 /* PBXContainerItemProxy */;
		};
/* End PBXTargetDependency section */

/* Begin PBXVariantGroup section */
		3BEDD4D01D70D727005FC0E8 /* Main.storyboard */ = {
			isa = PBXVariantGroup;
			children = (
				3BEDD4D11D70D727005FC0E8 /* Base */,
			);
			name = Main.storyboard;
			sourceTree = "<group>";
		};
		3BEDD4D51D70D727005FC0E8 /* LaunchScreen.storyboard */ = {
			isa = PBXVariantGroup;
			children = (
				3BEDD4D61D70D727005FC0E8 /* Base */,
			);
			name = LaunchScreen.storyboard;
			sourceTree = "<group>";
		};
/* End PBXVariantGroup section */

/* Begin XCBuildConfiguration section */
		3BEDD4E41D70D727005FC0E8 /* Debug */ = {
			isa = XCBuildConfiguration;
			buildSettings = {
				ALWAYS_SEARCH_USER_PATHS = NO;
				CLANG_ANALYZER_NONNULL = YES;
				CLANG_CXX_LANGUAGE_STANDARD = "gnu++0x";
				CLANG_CXX_LIBRARY = "libc++";
				CLANG_ENABLE_MODULES = YES;
				CLANG_ENABLE_OBJC_ARC = YES;
				CLANG_WARN_BOOL_CONVERSION = YES;
				CLANG_WARN_CONSTANT_CONVERSION = YES;
				CLANG_WARN_DIRECT_OBJC_ISA_USAGE = YES_ERROR;
				CLANG_WARN_EMPTY_BODY = YES;
				CLANG_WARN_ENUM_CONVERSION = YES;
				CLANG_WARN_INT_CONVERSION = YES;
				CLANG_WARN_OBJC_ROOT_CLASS = YES_ERROR;
				CLANG_WARN_UNREACHABLE_CODE = YES;
				CLANG_WARN__DUPLICATE_METHOD_MATCH = YES;
				"CODE_SIGN_IDENTITY[sdk=iphoneos*]" = "iPhone Developer";
				COPY_PHASE_STRIP = NO;
				DEBUG_INFORMATION_FORMAT = dwarf;
				ENABLE_STRICT_OBJC_MSGSEND = YES;
				ENABLE_TESTABILITY = YES;
				GCC_C_LANGUAGE_STANDARD = gnu99;
				GCC_DYNAMIC_NO_PIC = NO;
				GCC_NO_COMMON_BLOCKS = YES;
				GCC_OPTIMIZATION_LEVEL = 0;
				GCC_PREPROCESSOR_DEFINITIONS = (
					"DEBUG=1",
					"$(inherited)",
				);
				GCC_WARN_64_TO_32_BIT_CONVERSION = YES;
				GCC_WARN_ABOUT_RETURN_TYPE = YES_ERROR;
				GCC_WARN_UNDECLARED_SELECTOR = YES;
				GCC_WARN_UNINITIALIZED_AUTOS = YES_AGGRESSIVE;
				GCC_WARN_UNUSED_FUNCTION = YES;
				GCC_WARN_UNUSED_VARIABLE = YES;
				IPHONEOS_DEPLOYMENT_TARGET = 9.3;
				MTL_ENABLE_DEBUG_INFO = YES;
				ONLY_ACTIVE_ARCH = YES;
				SDKROOT = iphoneos;
				SWIFT_OPTIMIZATION_LEVEL = "-Onone";
				TARGETED_DEVICE_FAMILY = "1,2";
			};
			name = Debug;
		};
		3BEDD4E51D70D727005FC0E8 /* Release */ = {
			isa = XCBuildConfiguration;
			buildSettings = {
				ALWAYS_SEARCH_USER_PATHS = NO;
				CLANG_ANALYZER_NONNULL = YES;
				CLANG_CXX_LANGUAGE_STANDARD = "gnu++0x";
				CLANG_CXX_LIBRARY = "libc++";
				CLANG_ENABLE_MODULES = YES;
				CLANG_ENABLE_OBJC_ARC = YES;
				CLANG_WARN_BOOL_CONVERSION = YES;
				CLANG_WARN_CONSTANT_CONVERSION = YES;
				CLANG_WARN_DIRECT_OBJC_ISA_USAGE = YES_ERROR;
				CLANG_WARN_EMPTY_BODY = YES;
				CLANG_WARN_ENUM_CONVERSION = YES;
				CLANG_WARN_INT_CONVERSION = YES;
				CLANG_WARN_OBJC_ROOT_CLASS = YES_ERROR;
				CLANG_WARN_UNREACHABLE_CODE = YES;
				CLANG_WARN__DUPLICATE_METHOD_MATCH = YES;
				"CODE_SIGN_IDENTITY[sdk=iphoneos*]" = "iPhone Developer";
				COPY_PHASE_STRIP = NO;
				DEBUG_INFORMATION_FORMAT = "dwarf-with-dsym";
				ENABLE_NS_ASSERTIONS = NO;
				ENABLE_STRICT_OBJC_MSGSEND = YES;
				GCC_C_LANGUAGE_STANDARD = gnu99;
				GCC_NO_COMMON_BLOCKS = YES;
				GCC_WARN_64_TO_32_BIT_CONVERSION = YES;
				GCC_WARN_ABOUT_RETURN_TYPE = YES_ERROR;
				GCC_WARN_UNDECLARED_SELECTOR = YES;
				GCC_WARN_UNINITIALIZED_AUTOS = YES_AGGRESSIVE;
				GCC_WARN_UNUSED_FUNCTION = YES;
				GCC_WARN_UNUSED_VARIABLE = YES;
				IPHONEOS_DEPLOYMENT_TARGET = 9.3;
				MTL_ENABLE_DEBUG_INFO = NO;
				SDKROOT = iphoneos;
				TARGETED_DEVICE_FAMILY = "1,2";
				VALIDATE_PRODUCT = YES;
			};
			name = Release;
		};
		3BEDD4E71D70D727005FC0E8 /* Debug */ = {
			isa = XCBuildConfiguration;
			buildSettings = {
				ASSETCATALOG_COMPILER_APPICON_NAME = AppIcon;
				INFOPLIST_FILE = Test/Info.plist;
				LD_RUNPATH_SEARCH_PATHS = "$(inherited) @executable_path/Frameworks";
				PRODUCT_BUNDLE_IDENTIFIER = PAN.Test;
				PRODUCT_NAME = "$(TARGET_NAME)";
			};
			name = Debug;
		};
		3BEDD4E81D70D727005FC0E8 /* Release */ = {
			isa = XCBuildConfiguration;
			buildSettings = {
				ASSETCATALOG_COMPILER_APPICON_NAME = AppIcon;
				INFOPLIST_FILE = Test/Info.plist;
				LD_RUNPATH_SEARCH_PATHS = "$(inherited) @executable_path/Frameworks";
				PRODUCT_BUNDLE_IDENTIFIER = PAN.Test;
				PRODUCT_NAME = "$(TARGET_NAME)";
			};
			name = Release;
		};
		3BEDD4EA1D70D727005FC0E8 /* Debug */ = {
			isa = XCBuildConfiguration;
			buildSettings = {
				BUNDLE_LOADER = "$(TEST_HOST)";
				INFOPLIST_FILE = TestTests/Info.plist;
				LD_RUNPATH_SEARCH_PATHS = "$(inherited) @executable_path/Frameworks @loader_path/Frameworks";
				PRODUCT_BUNDLE_IDENTIFIER = PAN.TestTests;
				PRODUCT_NAME = "$(TARGET_NAME)";
				TEST_HOST = "$(BUILT_PRODUCTS_DIR)/Test.app/Test";
			};
			name = Debug;
		};
		3BEDD4EB1D70D727005FC0E8 /* Release */ = {
			isa = XCBuildConfiguration;
			buildSettings = {
				BUNDLE_LOADER = "$(TEST_HOST)";
				INFOPLIST_FILE = TestTests/Info.plist;
				LD_RUNPATH_SEARCH_PATHS = "$(inherited) @executable_path/Frameworks @loader_path/Frameworks";
				PRODUCT_BUNDLE_IDENTIFIER = PAN.TestTests;
				PRODUCT_NAME = "$(TARGET_NAME)";
				TEST_HOST = "$(BUILT_PRODUCTS_DIR)/Test.app/Test";
			};
			name = Release;
		};
/* End XCBuildConfiguration section */

/* Begin XCConfigurationList section */
		3BEDD4C41D70D727005FC0E8 /* Build configuration list for PBXProject "Test" */ = {
			isa = XCConfigurationList;
			buildConfigurations = (
				3BEDD4E41D70D727005FC0E8 /* Debug */,
				3BEDD4E51D70D727005FC0E8 /* Release */,
			);
			defaultConfigurationIsVisible = 0;
			defaultConfigurationName = Release;
		};
		3BEDD4E61D70D727005FC0E8 /* Build configuration list for PBXNativeTarget "Test" */ = {
			isa = XCConfigurationList;
			buildConfigurations = (
				3BEDD4E71D70D727005FC0E8 /* Debug */,
				3BEDD4E81D70D727005FC0E8 /* Release */,
			);
			defaultConfigurationIsVisible = 0;
		};
		3BEDD4E91D70D727005FC0E8 /* Build configuration list for PBXNativeTarget "TestTests" */ = {
			isa = XCConfigurationList;
			buildConfigurations = (
				3BEDD4EA1D70D727005FC0E8 /* Debug */,
				3BEDD4EB1D70D727005FC0E8 /* Release */,
			);
			defaultConfigurationIsVisible = 0;
		};
/* End XCConfigurationList section */
	};
	rootObject = 3BEDD4C11D70D727005FC0E8 /* Project object */;
}
